
Microsoft Visual Studio Solution File, Format Version 12.00
# Visual Studio Version 16
VisualStudioVersion = 16.0.29911.84
MinimumVisualStudioVersion = 10.0.40219.1
Project("{9A19103F-16F7-4668-BE54-9A1E7A4F7556}") = "Spa.Web", "Spa.Web\Spa.Web.csproj", "{6ABCEBC4-A775-4194-9498-87BE1850CCB8}"
EndProject
Project("{FAE04EC0-301F-11D3-BF4B-00C04F79EFBC}") = "Spa.Api", "Spa.Api\Spa.Api.csproj", "{59EDABA7-9AB4-47F7-BE28-8821252EDB13}"
EndProject
Global
	GlobalSection(SolutionConfigurationPlatforms) = preSolution
		Debug|Any CPU = Debug|Any CPU
		Release|Any CPU = Release|Any CPU
	EndGlobalSection
	GlobalSection(ProjectConfigurationPlatforms) = postSolution
		{6ABCEBC4-A775-4194-9498-87BE1850CCB8}.Debug|Any CPU.ActiveCfg = Debug|Any CPU
		{6ABCEBC4-A775-4194-9498-87BE1850CCB8}.Debug|Any CPU.Build.0 = Debug|Any CPU
		{6ABCEBC4-A775-4194-9498-87BE1850CCB8}.Release|Any CPU.ActiveCfg = Release|Any CPU
		{6ABCEBC4-A775-4194-9498-87BE1850CCB8}.Release|Any CPU.Build.0 = Release|Any CPU
		{59EDABA7-9AB4-47F7-BE28-8821252EDB13}.Debug|Any CPU.ActiveCfg = Debug|Any CPU
		{59EDABA7-9AB4-47F7-BE28-8821252EDB13}.Debug|Any CPU.Build.0 = Debug|Any CPU
		{59EDABA7-9AB4-47F7-BE28-8821252EDB13}.Release|Any CPU.ActiveCfg = Release|Any CPU
		{59EDABA7-9AB4-47F7-BE28-8821252EDB13}.Release|Any CPU.Build.0 = Release|Any CPU
	EndGlobalSection
	GlobalSection(SolutionProperties) = preSolution
		HideSolutionNode = FALSE
	EndGlobalSection
	GlobalSection(ExtensibilityGlobals) = postSolution
		SolutionGuid = {84B64ED2-4BDB-4099-93DA-8892138FFE9A}
	EndGlobalSection
EndGlobal
